
Microsoft Visual Studio Solution File, Format Version 12.00
# Visual Studio Version 17
VisualStudioVersion = 17.9.34728.123
MinimumVisualStudioVersion = 10.0.40219.1
Project("{FAE04EC0-301F-11D3-BF4B-00C04F79EFBC}") = "TestWebAPI", "TestWebAPI\TestWebAPI.csproj", "{495BD164-F997-4D18-85AF-D4D2B0C8398A}"
EndProject
Global
	GlobalSection(SolutionConfigurationPlatforms) = preSolution
		Debug|Any CPU = Debug|Any CPU
		Release|Any CPU = Release|Any CPU
	EndGlobalSection
	GlobalSection(ProjectConfigurationPlatforms) = postSolution
		{495BD164-F997-4D18-85AF-D4D2B0C8398A}.Debug|Any CPU.ActiveCfg = Debug|Any CPU
		{495BD164-F997-4D18-85AF-D4D2B0C8398A}.Debug|Any CPU.Build.0 = Debug|Any CPU
		{495BD164-F997-4D18-85AF-D4D2B0C8398A}.Release|Any CPU.ActiveCfg = Release|Any CPU
		{495BD164-F997-4D18-85AF-D4D2B0C8398A}.Release|Any CPU.Build.0 = Release|Any CPU
	EndGlobalSection
	GlobalSection(SolutionProperties) = preSolution
		HideSolutionNode = FALSE
	EndGlobalSection
	GlobalSection(ExtensibilityGlobals) = postSolution
		SolutionGuid = {A91495DF-3D3E-455E-9A69-71CA1ABBDCB7}
	EndGlobalSection
EndGlobal
